
Microsoft Visual Studio Solution File, Format Version 12.00
# Visual Studio Version 17
VisualStudioVersion = 17.6.33815.320
MinimumVisualStudioVersion = 10.0.40219.1
Project("{FAE04EC0-301F-11D3-BF4B-00C04F79EFBC}") = "EliteBackend", "EliteBackend.csproj", "{CFBCAF0E-74FA-45A6-836C-68EF281BE3E8}"
EndProject
Global
	GlobalSection(SolutionConfigurationPlatforms) = preSolution
		Debug|Any CPU = Debug|Any CPU
		Release|Any CPU = Release|Any CPU
	EndGlobalSection
	GlobalSection(ProjectConfigurationPlatforms) = postSolution
		{CFBCAF0E-74FA-45A6-836C-68EF281BE3E8}.Debug|Any CPU.ActiveCfg = Debug|Any CPU
		{CFBCAF0E-74FA-45A6-836C-68EF281BE3E8}.Debug|Any CPU.Build.0 = Debug|Any CPU
		{CFBCAF0E-74FA-45A6-836C-68EF281BE3E8}.Release|Any CPU.ActiveCfg = Release|Any CPU
		{CFBCAF0E-74FA-45A6-836C-68EF281BE3E8}.Release|Any CPU.Build.0 = Release|Any CPU
	EndGlobalSection
	GlobalSection(SolutionProperties) = preSolution
		HideSolutionNode = FALSE
	EndGlobalSection
	GlobalSection(ExtensibilityGlobals) = postSolution
		SolutionGuid = {80FD87EF-8A1A-4FEA-ABFF-124E5C3AA977}
	EndGlobalSection
EndGlobal
